
Microsoft Visual Studio Solution File, Format Version 12.00
# Visual Studio Version 17
VisualStudioVersion = 17.11.35312.102
MinimumVisualStudioVersion = 10.0.40219.1
Project("{FAE04EC0-301F-11D3-BF4B-00C04F79EFBC}") = "uml_1", "uml_1\uml_1.csproj", "{1CEA7F33-FC7A-4F54-B73B-8918F4FF5D8C}"
EndProject
Global
	GlobalSection(SolutionConfigurationPlatforms) = preSolution
		Debug|Any CPU = Debug|Any CPU
		Release|Any CPU = Release|Any CPU
	EndGlobalSection
	GlobalSection(ProjectConfigurationPlatforms) = postSolution
		{1CEA7F33-FC7A-4F54-B73B-8918F4FF5D8C}.Debug|Any CPU.ActiveCfg = Debug|Any CPU
		{1CEA7F33-FC7A-4F54-B73B-8918F4FF5D8C}.Debug|Any CPU.Build.0 = Debug|Any CPU
		{1CEA7F33-FC7A-4F54-B73B-8918F4FF5D8C}.Release|Any CPU.ActiveCfg = Release|Any CPU
		{1CEA7F33-FC7A-4F54-B73B-8918F4FF5D8C}.Release|Any CPU.Build.0 = Release|Any CPU
	EndGlobalSection
	GlobalSection(SolutionProperties) = preSolution
		HideSolutionNode = FALSE
	EndGlobalSection
	GlobalSection(ExtensibilityGlobals) = postSolution
		SolutionGuid = {FF16545B-4832-430D-9319-1C3ABFE1BB7E}
	EndGlobalSection
EndGlobal
